
Microsoft Visual Studio Solution File, Format Version 12.00
# Visual Studio Version 17
VisualStudioVersion = 17.10.34928.147
MinimumVisualStudioVersion = 10.0.40219.1
Project("{F184B08F-C81C-45F6-A57F-5ABD9991F28F}") = "LibraryManagementSystem3", "LibraryManagementSystem3\LibraryManagementSystem3.vbproj", "{26CB9821-0C09-4C6C-A834-0830573920D0}"
EndProject
Global
	GlobalSection(SolutionConfigurationPlatforms) = preSolution
		Debug|Any CPU = Debug|Any CPU
		Release|Any CPU = Release|Any CPU
	EndGlobalSection
	GlobalSection(ProjectConfigurationPlatforms) = postSolution
		{26CB9821-0C09-4C6C-A834-0830573920D0}.Debug|Any CPU.ActiveCfg = Debug|Any CPU
		{26CB9821-0C09-4C6C-A834-0830573920D0}.Debug|Any CPU.Build.0 = Debug|Any CPU
		{26CB9821-0C09-4C6C-A834-0830573920D0}.Release|Any CPU.ActiveCfg = Release|Any CPU
		{26CB9821-0C09-4C6C-A834-0830573920D0}.Release|Any CPU.Build.0 = Release|Any CPU
	EndGlobalSection
	GlobalSection(SolutionProperties) = preSolution
		HideSolutionNode = FALSE
	EndGlobalSection
	GlobalSection(ExtensibilityGlobals) = postSolution
		SolutionGuid = {78E70501-7CB9-4D7B-8A69-F8B7F6623B99}
	EndGlobalSection
EndGlobal
